// !$*UTF8*$!
{
	archiveVersion = 1;
	classes = {
	};
	objectVersion = 46;
	objects = {

/* Begin PBXBuildFile section */
		4025CACD1CE8F0CE008392B3 /* main.m in Sources */ = {isa = PBXBuildFile; fileRef = 4025CACC1CE8F0CE008392B3 /* main.m */; };
		4025CAD01CE8F0CE008392B3 /* AppDelegate.m in Sources */ = {isa = PBXBuildFile; fileRef = 4025CACF1CE8F0CE008392B3 /* AppDelegate.m */; };
		4025CAD91CE8F0CE008392B3 /* Main.storyboard in Resources */ = {isa = PBXBuildFile; fileRef = 4025CAD71CE8F0CE008392B3 /* Main.storyboard */; };
		4025CADB1CE8F0CE008392B3 /* Assets.xcassets in Resources */ = {isa = PBXBuildFile; fileRef = 4025CADA1CE8F0CE008392B3 /* Assets.xcassets */; };
		4025CADE1CE8F0CE008392B3 /* LaunchScreen.storyboard in Resources */ = {isa = PBXBuildFile; fileRef = 4025CADC1CE8F0CE008392B3 /* LaunchScreen.storyboard */; };
		4025CAE91CE8F0CE008392B3 /* playingAroundWithGestureRecognizersTests.m in Sources */ = {isa = PBXBuildFile; fileRef = 4025CAE81CE8F0CE008392B3 /* playingAroundWithGestureRecognizersTests.m */; };
		4025CAF41CE8F0CE008392B3 /* playingAroundWithGestureRecognizersUITests.m in Sources */ = {isa = PBXBuildFile; fileRef = 4025CAF31CE8F0CE008392B3 /* playingAroundWithGestureRecognizersUITests.m */; };
		4025CB061CE8F588008392B3 /* TapViewController.m in Sources */ = {isa = PBXBuildFile; fileRef = 4025CB051CE8F588008392B3 /* TapViewController.m */; };
		4025CB091CE8F5C4008392B3 /* SwipeViewController.m in Sources */ = {isa = PBXBuildFile; fileRef = 4025CB081CE8F5C4008392B3 /* SwipeViewController.m */; };
		4025CB0C1CE914E0008392B3 /* PanViewController.m in Sources */ = {isa = PBXBuildFile; fileRef = 4025CB0B1CE914E0008392B3 /* PanViewController.m */; };
		4025CB0F1CE91563008392B3 /* PinchViewController.m in Sources */ = {isa = PBXBuildFile; fileRef = 4025CB0E1CE91563008392B3 /* PinchViewController.m */; };
		4025CB121CE91596008392B3 /* RotationViewController.m in Sources */ = {isa = PBXBuildFile; fileRef = 4025CB111CE91596008392B3 /* RotationViewController.m */; };
/* End PBXBuildFile section */

/* Begin PBXContainerItemProxy section */
		4025CAE51CE8F0CE008392B3 /* PBXContainerItemProxy */ = {
			isa = PBXContainerItemProxy;
			containerPortal = 4025CAC01CE8F0CE008392B3 /* Project object */;
			proxyType = 1;
			remoteGlobalIDString = 4025CAC71CE8F0CE008392B3;
			remoteInfo = playingAroundWithGestureRecognizers;
		};
		4025CAF01CE8F0CE008392B3 /* PBXContainerItemProxy */ = {
			isa = PBXContainerItemProxy;
			containerPortal = 4025CAC01CE8F0CE008392B3 /* Project object */;
			proxyType = 1;
			remoteGlobalIDString = 4025CAC71CE8F0CE008392B3;
			remoteInfo = playingAroundWithGestureRecognizers;
		};
/* End PBXContainerItemProxy section */

/* Begin PBXFileReference section */
		4025CAC81CE8F0CE008392B3 /* playingAroundWithGestureRecognizers.app */ = {isa = PBXFileReference; explicitFileType = wrapper.application; includeInIndex = 0; path = playingAroundWithGestureRecognizers.app; sourceTree = BUILT_PRODUCTS_DIR; };
		4025CACC1CE8F0CE008392B3 /* main.m */ = {isa = PBXFileReference; lastKnownFileType = sourcecode.c.objc; path = main.m; sourceTree = "<group>"; };
		4025CACE1CE8F0CE008392B3 /* AppDelegate.h */ = {isa = PBXFileReference; lastKnownFileType = sourcecode.c.h; path = AppDelegate.h; sourceTree = "<group>"; };
		4025CACF1CE8F0CE008392B3 /* AppDelegate.m */ = {isa = PBXFileReference; lastKnownFileType = sourcecode.c.objc; path = AppDelegate.m; sourceTree = "<group>"; };
		4025CAD81CE8F0CE008392B3 /* Base */ = {isa = PBXFileReference; lastKnownFileType = file.storyboard; name = Base; path = Base.lproj/Main.storyboard; sourceTree = "<group>"; };
		4025CADA1CE8F0CE008392B3 /* Assets.xcassets */ = {isa = PBXFileReference; lastKnownFileType = folder.assetcatalog; path = Assets.xcassets; sourceTree = "<group>"; };
		4025CADD1CE8F0CE008392B3 /* Base */ = {isa = PBXFileReference; lastKnownFileType = file.storyboard; name = Base; path = Base.lproj/LaunchScreen.storyboard; sourceTree = "<group>"; };
		4025CADF1CE8F0CE008392B3 /* Info.plist */ = {isa = PBXFileReference; lastKnownFileType = text.plist.xml; path = Info.plist; sourceTree = "<group>"; };
		4025CAE41CE8F0CE008392B3 /* playingAroundWithGestureRecognizersTests.xctest */ = {isa = PBXFileReference; explicitFileType = wrapper.cfbundle; includeInIndex = 0; path = playingAroundWithGestureRecognizersTests.xctest; sourceTree = BUILT_PRODUCTS_DIR; };
		4025CAE81CE8F0CE008392B3 /* playingAroundWithGestureRecognizersTests.m */ = {isa = PBXFileReference; lastKnownFileType = sourcecode.c.objc; path = playingAroundWithGestureRecognizersTests.m; sourceTree = "<group>"; };
		4025CAEA1CE8F0CE008392B3 /* Info.plist */ = {isa = PBXFileReference; lastKnownFileType = text.plist.xml; path = Info.plist; sourceTree = "<group>"; };
		4025CAEF1CE8F0CE008392B3 /* playingAroundWithGestureRecognizersUITests.xctest */ = {isa = PBXFileReference; explicitFileType = wrapper.cfbundle; includeInIndex = 0; path = playingAroundWithGestureRecognizersUITests.xctest; sourceTree = BUILT_PRODUCTS_DIR; };
		4025CAF31CE8F0CE008392B3 /* playingAroundWithGestureRecognizersUITests.m */ = {isa = PBXFileReference; lastKnownFileType = sourcecode.c.objc; path = playingAroundWithGestureRecognizersUITests.m; sourceTree = "<group>"; };
		4025CAF51CE8F0CE008392B3 /* Info.plist */ = {isa = PBXFileReference; lastKnownFileType = text.plist.xml; path = Info.plist; sourceTree = "<group>"; };
		4025CB041CE8F588008392B3 /* TapViewController.h */ = {isa = PBXFileReference; fileEncoding = 4; lastKnownFileType = sourcecode.c.h; path = TapViewController.h; sourceTree = "<group>"; };
		4025CB051CE8F588008392B3 /* TapViewController.m */ = {isa = PBXFileReference; fileEncoding = 4; lastKnownFileType = sourcecode.c.objc; path = TapViewController.m; sourceTree = "<group>"; };
		4025CB071CE8F5C4008392B3 /* SwipeViewController.h */ = {isa = PBXFileReference; fileEncoding = 4; lastKnownFileType = sourcecode.c.h; path = SwipeViewController.h; sourceTree = "<group>"; };
		4025CB081CE8F5C4008392B3 /* SwipeViewController.m */ = {isa = PBXFileReference; fileEncoding = 4; lastKnownFileType = sourcecode.c.objc; path = SwipeViewController.m; sourceTree = "<group>"; };
		4025CB0A1CE914E0008392B3 /* PanViewController.h */ = {isa = PBXFileReference; fileEncoding = 4; lastKnownFileType = sourcecode.c.h; name = PanViewController.h; path = ../PanViewController.h; sourceTree = "<group>"; };
		4025CB0B1CE914E0008392B3 /* PanViewController.m */ = {isa = PBXFileReference; fileEncoding = 4; lastKnownFileType = sourcecode.c.objc; name = PanViewController.m; path = ../PanViewController.m; sourceTree = "<group>"; };
		4025CB0D1CE91563008392B3 /* PinchViewController.h */ = {isa = PBXFileReference; fileEncoding = 4; lastKnownFileType = sourcecode.c.h; path = PinchViewController.h; sourceTree = "<group>"; };
		4025CB0E1CE91563008392B3 /* PinchViewController.m */ = {isa = PBXFileReference; fileEncoding = 4; lastKnownFileType = sourcecode.c.objc; path = PinchViewController.m; sourceTree = "<group>"; };
		4025CB101CE91596008392B3 /* RotationViewController.h */ = {isa = PBXFileReference; fileEncoding = 4; lastKnownFileType = sourcecode.c.h; name = RotationViewController.h; path = ../RotationViewController.h; sourceTree = "<group>"; };
		4025CB111CE91596008392B3 /* RotationViewController.m */ = {isa = PBXFileReference; fileEncoding = 4; lastKnownFileType = sourcecode.c.objc; name = RotationViewController.m; path = ../RotationViewController.m; sourceTree = "<group>"; };
/* End PBXFileReference section */

/* Begin PBXFrameworksBuildPhase section */
		4025CAC51CE8F0CE008392B3 /* Frameworks */ = {
			isa = PBXFrameworksBuildPhase;
			buildActionMask = 2147483647;
			files = (
			);
			runOnlyForDeploymentPostprocessing = 0;
		};
		4025CAE11CE8F0CE008392B3 /* Frameworks */ = {
			isa = PBXFrameworksBuildPhase;
			buildActionMask = 2147483647;
			files = (
			);
			runOnlyForDeploymentPostprocessing = 0;
		};
		4025CAEC1CE8F0CE008392B3 /* Frameworks */ = {
			isa = PBXFrameworksBuildPhase;
			buildActionMask = 2147483647;
			files = (
			);
			runOnlyForDeploymentPostprocessing = 0;
		};
/* End PBXFrameworksBuildPhase section */

/* Begin PBXGroup section */
		4025CABF1CE8F0CE008392B3 = {
			isa = PBXGroup;
			children = (
				4025CACA1CE8F0CE008392B3 /* playingAroundWithGestureRecognizers */,
				4025CAE71CE8F0CE008392B3 /* playingAroundWithGestureRecognizersTests */,
				4025CAF21CE8F0CE008392B3 /* playingAroundWithGestureRecognizersUITests */,
				4025CAC91CE8F0CE008392B3 /* Products */,
			);
			sourceTree = "<group>";
		};
		4025CAC91CE8F0CE008392B3 /* Products */ = {
			isa = PBXGroup;
			children = (
				4025CAC81CE8F0CE008392B3 /* playingAroundWithGestureRecognizers.app */,
				4025CAE41CE8F0CE008392B3 /* playingAroundWithGestureRecognizersTests.xctest */,
				4025CAEF1CE8F0CE008392B3 /* playingAroundWithGestureRecognizersUITests.xctest */,
			);
			name = Products;
			sourceTree = "<group>";
		};
		4025CACA1CE8F0CE008392B3 /* playingAroundWithGestureRecognizers */ = {
			isa = PBXGroup;
			children = (
				4025CACE1CE8F0CE008392B3 /* AppDelegate.h */,
				4025CACF1CE8F0CE008392B3 /* AppDelegate.m */,
				4025CAD71CE8F0CE008392B3 /* Main.storyboard */,
				4025CB041CE8F588008392B3 /* TapViewController.h */,
				4025CB051CE8F588008392B3 /* TapViewController.m */,
				4025CB071CE8F5C4008392B3 /* SwipeViewController.h */,
				4025CB081CE8F5C4008392B3 /* SwipeViewController.m */,
				4025CB0A1CE914E0008392B3 /* PanViewController.h */,
				4025CB0B1CE914E0008392B3 /* PanViewController.m */,
				4025CB0D1CE91563008392B3 /* PinchViewController.h */,
				4025CB0E1CE91563008392B3 /* PinchViewController.m */,
				4025CB101CE91596008392B3 /* RotationViewController.h */,
				4025CB111CE91596008392B3 /* RotationViewController.m */,
				4025CADA1CE8F0CE008392B3 /* Assets.xcassets */,
				4025CADC1CE8F0CE008392B3 /* LaunchScreen.storyboard */,
				4025CADF1CE8F0CE008392B3 /* Info.plist */,
				4025CACB1CE8F0CE008392B3 /* Supporting Files */,
			);
			path = playingAroundWithGestureRecognizers;
			sourceTree = "<group>";
		};
		4025CACB1CE8F0CE008392B3 /* Supporting Files */ = {
			isa = PBXGroup;
			children = (
				4025CACC1CE8F0CE008392B3 /* main.m */,
			);
			name = "Supporting Files";
			sourceTree = "<group>";
		};
		4025CAE71CE8F0CE008392B3 /* playingAroundWithGestureRecognizersTests */ = {
			isa = PBXGroup;
			children = (
				4025CAE81CE8F0CE008392B3 /* playingAroundWithGestureRecognizersTests.m */,
				4025CAEA1CE8F0CE008392B3 /* Info.plist */,
			);
			path = playingAroundWithGestureRecognizersTests;
			sourceTree = "<group>";
		};
		4025CAF21CE8F0CE008392B3 /* playingAroundWithGestureRecognizersUITests */ = {
			isa = PBXGroup;
			children = (
				4025CAF31CE8F0CE008392B3 /* playingAroundWithGestureRecognizersUITests.m */,
				4025CAF51CE8F0CE008392B3 /* Info.plist */,
			);
			path = playingAroundWithGestureRecognizersUITests;
			sourceTree = "<group>";
		};
/* End PBXGroup section */

/* Begin PBXNativeTarget section */
		4025CAC71CE8F0CE008392B3 /* playingAroundWithGestureRecognizers */ = {
			isa = PBXNativeTarget;
			buildConfigurationList = 4025CAF81CE8F0CE008392B3 /* Build configuration list for PBXNativeTarget "playingAroundWithGestureRecognizers" */;
			buildPhases = (
				4025CAC41CE8F0CE008392B3 /* Sources */,
				4025CAC51CE8F0CE008392B3 /* Frameworks */,
				4025CAC61CE8F0CE008392B3 /* Resources */,
			);
			buildRules = (
			);
			dependencies = (
			);
			name = playingAroundWithGestureRecognizers;
			productName = playingAroundWithGestureRecognizers;
			productReference = 4025CAC81CE8F0CE008392B3 /* playingAroundWithGestureRecognizers.app */;
			productType = "com.apple.product-type.application";
		};
		4025CAE31CE8F0CE008392B3 /* playingAroundWithGestureRecognizersTests */ = {
			isa = PBXNativeTarget;
			buildConfigurationList = 4025CAFB1CE8F0CE008392B3 /* Build configuration list for PBXNativeTarget "playingAroundWithGestureRecognizersTests" */;
			buildPhases = (
				4025CAE01CE8F0CE008392B3 /* Sources */,
				4025CAE11CE8F0CE008392B3 /* Frameworks */,
				4025CAE21CE8F0CE008392B3 /* Resources */,
			);
			buildRules = (
			);
			dependencies = (
				4025CAE61CE8F0CE008392B3 /* PBXTargetDependency */,
			);
			name = playingAroundWithGestureRecognizersTests;
			productName = playingAroundWithGestureRecognizersTests;
			productReference = 4025CAE41CE8F0CE008392B3 /* playingAroundWithGestureRecognizersTests.xctest */;
			productType = "com.apple.product-type.bundle.unit-test";
		};
		4025CAEE1CE8F0CE008392B3 /* playingAroundWithGestureRecognizersUITests */ = {
			isa = PBXNativeTarget;
			buildConfigurationList = 4025CAFE1CE8F0CE008392B3 /* Build configuration list for PBXNativeTarget "playingAroundWithGestureRecognizersUITests" */;
			buildPhases = (
				4025CAEB1CE8F0CE008392B3 /* Sources */,
				4025CAEC1CE8F0CE008392B3 /* Frameworks */,
				4025CAED1CE8F0CE008392B3 /* Resources */,
			);
			buildRules = (
			);
			dependencies = (
				4025CAF11CE8F0CE008392B3 /* PBXTargetDependency */,
			);
			name = playingAroundWithGestureRecognizersUITests;
			productName = playingAroundWithGestureRecognizersUITests;
			productReference = 4025CAEF1CE8F0CE008392B3 /* playingAroundWithGestureRecognizersUITests.xctest */;
			productType = "com.apple.product-type.bundle.ui-testing";
		};
/* End PBXNativeTarget section */

/* Begin PBXProject section */
		4025CAC01CE8F0CE008392B3 /* Project object */ = {
			isa = PBXProject;
			attributes = {
				LastUpgradeCheck = 0730;
				ORGANIZATIONNAME = "Krzysztof Kopytek";
				TargetAttributes = {
					4025CAC71CE8F0CE008392B3 = {
						CreatedOnToolsVersion = 7.3.1;
						DevelopmentTeam = 4H3VHQ32AN;
					};
					4025CAE31CE8F0CE008392B3 = {
						CreatedOnToolsVersion = 7.3.1;
						TestTargetID = 4025CAC71CE8F0CE008392B3;
					};
					4025CAEE1CE8F0CE008392B3 = {
						CreatedOnToolsVersion = 7.3.1;
						TestTargetID = 4025CAC71CE8F0CE008392B3;
					};
				};
			};
			buildConfigurationList = 4025CAC31CE8F0CE008392B3 /* Build configuration list for PBXProject "playingAroundWithGestureRecognizers" */;
			compatibilityVersion = "Xcode 3.2";
			developmentRegion = English;
			hasScannedForEncodings = 0;
			knownRegions = (
				en,
				Base,
			);
			mainGroup = 4025CABF1CE8F0CE008392B3;
			productRefGroup = 4025CAC91CE8F0CE008392B3 /* Products */;
			projectDirPath = "";
			projectRoot = "";
			targets = (
				4025CAC71CE8F0CE008392B3 /* playingAroundWithGestureRecognizers */,
				4025CAE31CE8F0CE008392B3 /* playingAroundWithGestureRecognizersTests */,
				4025CAEE1CE8F0CE008392B3 /* playingAroundWithGestureRecognizersUITests */,
			);
		};
/* End PBXProject section */

/* Begin PBXResourcesBuildPhase section */
		4025CAC61CE8F0CE008392B3 /* Resources */ = {
			isa = PBXResourcesBuildPhase;
			buildActionMask = 2147483647;
			files = (
				4025CADE1CE8F0CE008392B3 /* LaunchScreen.storyboard in Resources */,
				4025CADB1CE8F0CE008392B3 /* Assets.xcassets in Resources */,
				4025CAD91CE8F0CE008392B3 /* Main.storyboard in Resources */,
			);
			runOnlyForDeploymentPostprocessing = 0;
		};
		4025CAE21CE8F0CE008392B3 /* Resources */ = {
			isa = PBXResourcesBuildPhase;
			buildActionMask = 2147483647;
			files = (
			);
			runOnlyForDeploymentPostprocessing = 0;
		};
		4025CAED1CE8F0CE008392B3 /* Resources */ = {
			isa = PBXResourcesBuildPhase;
			buildActionMask = 2147483647;
			files = (
			);
			runOnlyForDeploymentPostprocessing = 0;
		};
/* End PBXResourcesBuildPhase section */

/* Begin PBXSourcesBuildPhase section */
		4025CAC41CE8F0CE008392B3 /* Sources */ = {
			isa = PBXSourcesBuildPhase;
			buildActionMask = 2147483647;
			files = (
				4025CAD01CE8F0CE008392B3 /* AppDelegate.m in Sources */,
				4025CB0F1CE91563008392B3 /* PinchViewController.m in Sources */,
				4025CACD1CE8F0CE008392B3 /* main.m in Sources */,
				4025CB121CE91596008392B3 /* RotationViewController.m in Sources */,
				4025CB061CE8F588008392B3 /* TapViewController.m in Sources */,
				4025CB091CE8F5C4008392B3 /* SwipeViewController.m in Sources */,
				4025CB0C1CE914E0008392B3 /* PanViewController.m in Sources */,
			);
			runOnlyForDeploymentPostprocessing = 0;
		};
		4025CAE01CE8F0CE008392B3 /* Sources */ = {
			isa = PBXSourcesBuildPhase;
			buildActionMask = 2147483647;
			files = (
				4025CAE91CE8F0CE008392B3 /* playingAroundWithGestureRecognizersTests.m in Sources */,
			);
			runOnlyForDeploymentPostprocessing = 0;
		};
		4025CAEB1CE8F0CE008392B3 /* Sources */ = {
			isa = PBXSourcesBuildPhase;
			buildActionMask = 2147483647;
			files = (
				4025CAF41CE8F0CE008392B3 /* playingAroundWithGestureRecognizersUITests.m in Sources */,
			);
			runOnlyForDeploymentPostprocessing = 0;
		};
/* End PBXSourcesBuildPhase section */

/* Begin PBXTargetDependency section */
		4025CAE61CE8F0CE008392B3 /* PBXTargetDependency */ = {
			isa = PBXTargetDependency;
			target = 4025CAC71CE8F0CE008392B3 /* playingAroundWithGestureRecognizers */;
			targetProxy = 4025CAE51CE8F0CE008392B3 /* PBXContainerItemProxy */;
		};
		4025CAF11CE8F0CE008392B3 /* PBXTargetDependency */ = {
			isa = PBXTargetDependency;
			target = 4025CAC71CE8F0CE008392B3 /* playingAroundWithGestureRecognizers */;
			targetProxy = 4025CAF01CE8F0CE008392B3 /* PBXContainerItemProxy */;
		};
/* End PBXTargetDependency section */

/* Begin PBXVariantGroup section */
		4025CAD71CE8F0CE008392B3 /* Main.storyboard */ = {
			isa = PBXVariantGroup;
			children = (
				4025CAD81CE8F0CE008392B3 /* Base */,
			);
			name = Main.storyboard;
			sourceTree = "<group>";
		};
		4025CADC1CE8F0CE008392B3 /* LaunchScreen.storyboard */ = {
			isa = PBXVariantGroup;
			children = (
				4025CADD1CE8F0CE008392B3 /* Base */,
			);
			name = LaunchScreen.storyboard;
			sourceTree = "<group>";
		};
/* End PBXVariantGroup section */

/* Begin XCBuildConfiguration section */
		4025CAF61CE8F0CE008392B3 /* Debug */ = {
			isa = XCBuildConfiguration;
			buildSettings = {
				ALWAYS_SEARCH_USER_PATHS = NO;
				CLANG_ANALYZER_NONNULL = YES;
				CLANG_CXX_LANGUAGE_STANDARD = "gnu++0x";
				CLANG_CXX_LIBRARY = "libc++";
				CLANG_ENABLE_MODULES = YES;
				CLANG_ENABLE_OBJC_ARC = YES;
				CLANG_WARN_BOOL_CONVERSION = YES;
				CLANG_WARN_CONSTANT_CONVERSION = YES;
				CLANG_WARN_DIRECT_OBJC_ISA_USAGE = YES_ERROR;
				CLANG_WARN_EMPTY_BODY = YES;
				CLANG_WARN_ENUM_CONVERSION = YES;
				CLANG_WARN_INT_CONVERSION = YES;
				CLANG_WARN_OBJC_ROOT_CLASS = YES_ERROR;
				CLANG_WARN_UNREACHABLE_CODE = YES;
				CLANG_WARN__DUPLICATE_METHOD_MATCH = YES;
				"CODE_SIGN_IDENTITY[sdk=iphoneos*]" = "iPhone Developer";
				COPY_PHASE_STRIP = NO;
				DEBUG_INFORMATION_FORMAT = dwarf;
				ENABLE_STRICT_OBJC_MSGSEND = YES;
				ENABLE_TESTABILITY = YES;
				GCC_C_LANGUAGE_STANDARD = gnu99;
				GCC_DYNAMIC_NO_PIC = NO;
				GCC_NO_COMMON_BLOCKS = YES;
				GCC_OPTIMIZATION_LEVEL = 0;
				GCC_PREPROCESSOR_DEFINITIONS = (
					"DEBUG=1",
					"$(inherited)",
				);
				GCC_WARN_64_TO_32_BIT_CONVERSION = YES;
				GCC_WARN_ABOUT_RETURN_TYPE = YES_ERROR;
				GCC_WARN_UNDECLARED_SELECTOR = YES;
				GCC_WARN_UNINITIALIZED_AUTOS = YES_AGGRESSIVE;
				GCC_WARN_UNUSED_FUNCTION = YES;
				GCC_WARN_UNUSED_VARIABLE = YES;
				IPHONEOS_DEPLOYMENT_TARGET = 9.3;
				MTL_ENABLE_DEBUG_INFO = YES;
				ONLY_ACTIVE_ARCH = YES;
				SDKROOT = iphoneos;
			};
			name = Debug;
		};
		4025CAF71CE8F0CE008392B3 /* Release */ = {
			isa = XCBuildConfiguration;
			buildSettings = {
				ALWAYS_SEARCH_USER_PATHS = NO;
				CLANG_ANALYZER_NONNULL = YES;
				CLANG_CXX_LANGUAGE_STANDARD = "gnu++0x";
				CLANG_CXX_LIBRARY = "libc++";
				CLANG_ENABLE_MODULES = YES;
				CLANG_ENABLE_OBJC_ARC = YES;
				CLANG_WARN_BOOL_CONVERSION = YES;
				CLANG_WARN_CONSTANT_CONVERSION = YES;
				CLANG_WARN_DIRECT_OBJC_ISA_USAGE = YES_ERROR;
				CLANG_WARN_EMPTY_BODY = YES;
				CLANG_WARN_ENUM_CONVERSION = YES;
				CLANG_WARN_INT_CONVERSION = YES;
				CLANG_WARN_OBJC_ROOT_CLASS = YES_ERROR;
				CLANG_WARN_UNREACHABLE_CODE = YES;
				CLANG_WARN__DUPLICATE_METHOD_MATCH = YES;
				"CODE_SIGN_IDENTITY[sdk=iphoneos*]" = "iPhone Developer";
				COPY_PHASE_STRIP = NO;
				DEBUG_INFORMATION_FORMAT = "dwarf-with-dsym";
				ENABLE_NS_ASSERTIONS = NO;
				ENABLE_STRICT_OBJC_MSGSEND = YES;
				GCC_C_LANGUAGE_STANDARD = gnu99;
				GCC_NO_COMMON_BLOCKS = YES;
				GCC_WARN_64_TO_32_BIT_CONVERSION = YES;
				GCC_WARN_ABOUT_RETURN_TYPE = YES_ERROR;
				GCC_WARN_UNDECLARED_SELECTOR = YES;
				GCC_WARN_UNINITIALIZED_AUTOS = YES_AGGRESSIVE;
				GCC_WARN_UNUSED_FUNCTION = YES;
				GCC_WARN_UNUSED_VARIABLE = YES;
				IPHONEOS_DEPLOYMENT_TARGET = 9.3;
				MTL_ENABLE_DEBUG_INFO = NO;
				SDKROOT = iphoneos;
				VALIDATE_PRODUCT = YES;
			};
			name = Release;
		};
		4025CAF91CE8F0CE008392B3 /* Debug */ = {
			isa = XCBuildConfiguration;
			buildSettings = {
				ASSETCATALOG_COMPILER_APPICON_NAME = AppIcon;
				CODE_SIGN_IDENTITY = "iPhone Developer";
				"CODE_SIGN_IDENTITY[sdk=iphoneos*]" = "iPhone Developer";
				INFOPLIST_FILE = playingAroundWithGestureRecognizers/Info.plist;
				LD_RUNPATH_SEARCH_PATHS = "$(inherited) @executable_path/Frameworks";
				PRODUCT_BUNDLE_IDENTIFIER = ca.kopytek.playingAroundWithGestureRecognizers;
				PRODUCT_NAME = "$(TARGET_NAME)";
				PROVISIONING_PROFILE = "";
			};
			name = Debug;
		};
		4025CAFA1CE8F0CE008392B3 /* Release */ = {
			isa = XCBuildConfiguration;
			buildSettings = {
				ASSETCATALOG_COMPILER_APPICON_NAME = AppIcon;
				CODE_SIGN_IDENTITY = "iPhone Developer";
				"CODE_SIGN_IDENTITY[sdk=iphoneos*]" = "iPhone Developer";
				INFOPLIST_FILE = playingAroundWithGestureRecognizers/Info.plist;
				LD_RUNPATH_SEARCH_PATHS = "$(inherited) @executable_path/Frameworks";
				PRODUCT_BUNDLE_IDENTIFIER = ca.kopytek.playingAroundWithGestureRecognizers;
				PRODUCT_NAME = "$(TARGET_NAME)";
				PROVISIONING_PROFILE = "";
			};
			name = Release;
		};
		4025CAFC1CE8F0CE008392B3 /* Debug */ = {
			isa = XCBuildConfiguration;
			buildSettings = {
				BUNDLE_LOADER = "$(TEST_HOST)";
				INFOPLIST_FILE = playingAroundWithGestureRecognizersTests/Info.plist;
				LD_RUNPATH_SEARCH_PATHS = "$(inherited) @executable_path/Frameworks @loader_path/Frameworks";
				PRODUCT_BUNDLE_IDENTIFIER = ca.kopytek.playingAroundWithGestureRecognizersTests;
				PRODUCT_NAME = "$(TARGET_NAME)";
				TEST_HOST = "$(BUILT_PRODUCTS_DIR)/playingAroundWithGestureRecognizers.app/playingAroundWithGestureRecognizers";
			};
			name = Debug;
		};
		4025CAFD1CE8F0CE008392B3 /* Release */ = {
			isa = XCBuildConfiguration;
			buildSettings = {
				BUNDLE_LOADER = "$(TEST_HOST)";
				INFOPLIST_FILE = playingAroundWithGestureRecognizersTests/Info.plist;
				LD_RUNPATH_SEARCH_PATHS = "$(inherited) @executable_path/Frameworks @loader_path/Frameworks";
				PRODUCT_BUNDLE_IDENTIFIER = ca.kopytek.playingAroundWithGestureRecognizersTests;
				PRODUCT_NAME = "$(TARGET_NAME)";
				TEST_HOST = "$(BUILT_PRODUCTS_DIR)/playingAroundWithGestureRecognizers.app/playingAroundWithGestureRecognizers";
			};
			name = Release;
		};
		4025CAFF1CE8F0CE008392B3 /* Debug */ = {
			isa = XCBuildConfiguration;
			buildSettings = {
				INFOPLIST_FILE = playingAroundWithGestureRecognizersUITests/Info.plist;
				LD_RUNPATH_SEARCH_PATHS = "$(inherited) @executable_path/Frameworks @loader_path/Frameworks";
				PRODUCT_BUNDLE_IDENTIFIER = ca.kopytek.playingAroundWithGestureRecognizersUITests;
				PRODUCT_NAME = "$(TARGET_NAME)";
				TEST_TARGET_NAME = playingAroundWithGestureRecognizers;
			};
			name = Debug;
		};
		4025CB001CE8F0CE008392B3 /* Release */ = {
			isa = XCBuildConfiguration;
			buildSettings = {
				INFOPLIST_FILE = playingAroundWithGestureRecognizersUITests/Info.plist;
				LD_RUNPATH_SEARCH_PATHS = "$(inherited) @executable_path/Frameworks @loader_path/Frameworks";
				PRODUCT_BUNDLE_IDENTIFIER = ca.kopytek.playingAroundWithGestureRecognizersUITests;
				PRODUCT_NAME = "$(TARGET_NAME)";
				TEST_TARGET_NAME = playingAroundWithGestureRecognizers;
			};
			name = Release;
		};
/* End XCBuildConfiguration section */

/* Begin XCConfigurationList section */
		4025CAC31CE8F0CE008392B3 /* Build configuration list for PBXProject "playingAroundWithGestureRecognizers" */ = {
			isa = XCConfigurationList;
			buildConfigurations = (
				4025CAF61CE8F0CE008392B3 /* Debug */,
				4025CAF71CE8F0CE008392B3 /* Release */,
			);
			defaultConfigurationIsVisible = 0;
			defaultConfigurationName = Release;
		};
		4025CAF81CE8F0CE008392B3 /* Build configuration list for PBXNativeTarget "playingAroundWithGestureRecognizers" */ = {
			isa = XCConfigurationList;
			buildConfigurations = (
				4025CAF91CE8F0CE008392B3 /* Debug */,
				4025CAFA1CE8F0CE008392B3 /* Release */,
			);
			defaultConfigurationIsVisible = 0;
			defaultConfigurationName = Release;
		};
		4025CAFB1CE8F0CE008392B3 /* Build configuration list for PBXNativeTarget "playingAroundWithGestureRecognizersTests" */ = {
			isa = XCConfigurationList;
			buildConfigurations = (
				4025CAFC1CE8F0CE008392B3 /* Debug */,
				4025CAFD1CE8F0CE008392B3 /* Release */,
			);
			defaultConfigurationIsVisible = 0;
			defaultConfigurationName = Release;
		};
		4025CAFE1CE8F0CE008392B3 /* Build configuration list for PBXNativeTarget "playingAroundWithGestureRecognizersUITests" */ = {
			isa = XCConfigurationList;
			buildConfigurations = (
				4025CAFF1CE8F0CE008392B3 /* Debug */,
				4025CB001CE8F0CE008392B3 /* Release */,
			);
			defaultConfigurationIsVisible = 0;
			defaultConfigurationName = Release;
		};
/* End XCConfigurationList section */
	};
	rootObject = 4025CAC01CE8F0CE008392B3 /* Project object */;
}
